뼍੍楣牯獯晴⁖楳畡氠却畤楯⁓潬畴楯渠䙩汥Ⱐ䙯牭慴⁖敲獩潮‱㈮〰ഊ⌠噩獵慬⁓瑵摩漠噥牳楯渠ㄷഊ噩獵慬却畤楯噥牳楯渠㴠ㄷ⸰⸳ㄹ〳⸵㤍੍楮業畭噩獵慬却畤楯噥牳楯渠㴠㄰⸰⸴〲ㄹ⸱ഊ偲潪散琨≻䙁䔰㑅䌰ⴳ〱䘭ㄱ䐳ⵂ䘴䈭〰䌰㑆㜹䕆䉃索⤠㴠≐潲瑦潬楯⹁偉∬•偯牴景汩漮䅐䥜偯牴景汩漮䅐䤮捳灲潪∬•笳䈸ぅ䕆䐭䔷䈸ⴴ㘸䘭䅃䄵ⴹ㙅䘰㘰㡆㠸㙽∍੅湤偲潪散琍੐牯橥捴⠢筆䅅〴䕃〭㌰ㅆⴱㅄ㌭䉆㑂ⴰぃ〴䘷㥅䙂䍽∩‽•偯牴景汩漮呥獴猢Ⱐ≐潲瑦潬楯⹔敳瑳屐潲瑦潬楯⹔敳瑳⹣獰牯樢Ⱐ≻䅅䉅䌸䘱ⵁ䔵㔭㐲ぁⵁ㜳㌭䑂㡁䑄㐳㥅㝁索ഊ䕮摐牯橥捴ഊ䝬潢慬ഊे汯扡汓散瑩潮⡓潬畴楯湃潮晩杵牡瑩潮偬慴景牭猩‽⁰牥卯汵瑩潮ഊउ䑥扵杼䅮礠䍐唠㴠䑥扵杼䅮礠䍐唍ਉॄ敢畧籸㘴‽⁄敢畧籸㘴ഊउ䑥扵杼砸㘠㴠䑥扵杼砸㘍ਉ॒敬敡獥籁湹⁃偕‽⁒敬敡獥籁湹⁃偕ഊउ剥汥慳敼砶㐠㴠剥汥慳敼砶㐍ਉ॒敬敡獥籸㠶‽⁒敬敡獥籸㠶ഊॅ湤䝬潢慬卥捴楯渍ਉ䝬潢慬卥捴楯渨偲潪散瑃潮晩杵牡瑩潮偬慴景牭猩‽⁰潳瑓潬畴楯渍ਉॻ㍂㠰䕅䙄ⵅ㝂㠭㐶㡆ⵁ䍁㔭㤶䕆〶〸䘸㠶紮䑥扵杼䅮礠䍐售䅣瑩癥䍦朠㴠䑥扵杼䅮礠䍐唍ਉॻ㍂㠰䕅䙄ⵅ㝂㠭㐶㡆ⵁ䍁㔭㤶䕆〶〸䘸㠶紮䑥扵杼䅮礠䍐售䉵楬搮〠㴠䑥扵杼䅮礠䍐唍ਉॻ㍂㠰䕅䙄ⵅ㝂㠭㐶㡆ⵁ䍁㔭㤶䕆〶〸䘸㠶紮䑥扵杼砶㐮䅣瑩癥䍦朠㴠䑥扵杼䅮礠䍐唍ਉॻ㍂㠰䕅䙄ⵅ㝂㠭㐶㡆ⵁ䍁㔭㤶䕆〶〸䘸㠶紮䑥扵杼砶㐮䉵楬搮〠㴠䑥扵杼䅮礠䍐唍ਉॻ㍂㠰䕅䙄ⵅ㝂㠭㐶㡆ⵁ䍁㔭㤶䕆〶〸䘸㠶紮䑥扵杼砸㘮䅣瑩癥䍦朠㴠䑥扵杼䅮礠䍐唍ਉॻ㍂㠰䕅䙄ⵅ㝂㠭㐶㡆ⵁ䍁㔭㤶䕆〶〸䘸㠶紮䑥扵杼砸㘮䉵楬搮〠㴠䑥扵杼䅮礠䍐唍ਉॻ㍂㠰䕅䙄ⵅ㝂㠭㐶㡆ⵁ䍁㔭㤶䕆〶〸䘸㠶紮剥汥慳敼䅮礠䍐售䅣瑩癥䍦朠㴠剥汥慳敼䅮礠䍐唍ਉॻ㍂㠰䕅䙄ⵅ㝂㠭㐶㡆ⵁ䍁㔭㤶䕆〶〸䘸㠶紮剥汥慳敼䅮礠䍐售䉵楬搮〠㴠剥汥慳敼䅮礠䍐唍ਉॻ㍂㠰䕅䙄ⵅ㝂㠭㐶㡆ⵁ䍁㔭㤶䕆〶〸䘸㠶紮剥汥慳敼砶㐮䅣瑩癥䍦朠㴠剥汥慳敼䅮礠䍐唍ਉॻ㍂㠰䕅䙄ⵅ㝂㠭㐶㡆ⵁ䍁㔭㤶䕆〶〸䘸㠶紮剥汥慳敼砶㐮䉵楬搮〠㴠剥汥慳敼䅮礠䍐唍ਉॻ㍂㠰䕅䙄ⵅ㝂㠭㐶㡆ⵁ䍁㔭㤶䕆〶〸䘸㠶紮剥汥慳敼砸㘮䅣瑩癥䍦朠㴠剥汥慳敼䅮礠䍐唍ਉॻ㍂㠰䕅䙄ⵅ㝂㠭㐶㡆ⵁ䍁㔭㤶䕆〶〸䘸㠶紮剥汥慳敼砸㘮䉵楬搮〠㴠剥汥慳敼䅮礠䍐唍ਉॻ䅅䉅䌸䘱ⵁ䔵㔭㐲ぁⵁ㜳㌭䑂㡁䑄㐳㥅㝁紮䑥扵杼䅮礠䍐售䅣瑩癥䍦朠㴠䑥扵杼䅮礠䍐唍ਉॻ䅅䉅䌸䘱ⵁ䔵㔭㐲ぁⵁ㜳㌭䑂㡁䑄㐳㥅㝁紮䑥扵杼䅮礠䍐售䉵楬搮〠㴠䑥扵杼䅮礠䍐唍ਉॻ䅅䉅䌸䘱ⵁ䔵㔭㐲ぁⵁ㜳㌭䑂㡁䑄㐳㥅㝁紮䑥扵杼砶㐮䅣瑩癥䍦朠㴠䑥扵杼䅮礠䍐唍ਉॻ䅅䉅䌸䘱ⵁ䔵㔭㐲ぁⵁ㜳㌭䑂㡁䑄㐳㥅㝁紮䑥扵杼砶㐮䉵楬搮〠㴠䑥扵杼䅮礠䍐唍ਉॻ䅅䉅䌸䘱ⵁ䔵㔭㐲ぁⵁ㜳㌭䑂㡁䑄㐳㥅㝁紮䑥扵杼砸㘮䅣瑩癥䍦朠㴠䑥扵杼䅮礠䍐唍ਉॻ䅅䉅䌸䘱ⵁ䔵㔭㐲ぁⵁ㜳㌭䑂㡁䑄㐳㥅㝁紮䑥扵杼砸㘮䉵楬搮〠㴠䑥扵杼䅮礠䍐唍ਉॻ䅅䉅䌸䘱ⵁ䔵㔭㐲ぁⵁ㜳㌭䑂㡁䑄㐳㥅㝁紮剥汥慳敼䅮礠䍐售䅣瑩癥䍦朠㴠剥汥慳敼䅮礠䍐唍ਉॻ䅅䉅䌸䘱ⵁ䔵㔭㐲ぁⵁ㜳㌭䑂㡁䑄㐳㥅㝁紮剥汥慳敼䅮礠䍐售䉵楬搮〠㴠剥汥慳敼䅮礠䍐唍ਉॻ䅅䉅䌸䘱ⵁ䔵㔭㐲ぁⵁ㜳㌭䑂㡁䑄㐳㥅㝁紮剥汥慳敼砶㐮䅣瑩癥䍦朠㴠剥汥慳敼䅮礠䍐唍ਉॻ䅅䉅䌸䘱ⵁ䔵㔭㐲ぁⵁ㜳㌭䑂㡁䑄㐳㥅㝁紮剥汥慳敼砶㐮䉵楬搮〠㴠剥汥慳敼䅮礠䍐唍ਉॻ䅅䉅䌸䘱ⵁ䔵㔭㐲ぁⵁ㜳㌭䑂㡁䑄㐳㥅㝁紮剥汥慳敼砸㘮䅣瑩癥䍦朠㴠剥汥慳敼䅮礠䍐唍ਉॻ䅅䉅䌸䘱ⵁ䔵㔭㐲ぁⵁ㜳㌭䑂㡁䑄㐳㥅㝁紮剥汥慳敼砸㘮䉵楬搮〠㴠剥汥慳敼䅮礠䍐唍ਉ䕮摇汯扡汓散瑩潮ഊे汯扡汓散瑩潮⡓潬畴楯湐牯灥牴楥猩‽⁰牥卯汵瑩潮ഊउ䡩摥卯汵瑩潮乯摥‽⁆䅌卅ഊॅ湤䝬潢慬卥捴楯渍੅湤䝬潢慬ഊ